// !$*UTF8*$!
{
	archiveVersion = 1;
	classes = {
	};
	objectVersion = 46;
	objects = {

/* Begin PBXBuildFile section */
		D3534D011C932B7700A39478 /* AppDelegate.swift in Sources */ = {isa = PBXBuildFile; fileRef = D3534D001C932B7700A39478 /* AppDelegate.swift */; };
		D3534D031C932B7700A39478 /* ViewController.swift in Sources */ = {isa = PBXBuildFile; fileRef = D3534D021C932B7700A39478 /* ViewController.swift */; };
		D3534D061C932B7700A39478 /* Main.storyboard in Resources */ = {isa = PBXBuildFile; fileRef = D3534D041C932B7700A39478 /* Main.storyboard */; };
		D3534D081C932B7700A39478 /* Assets.xcassets in Resources */ = {isa = PBXBuildFile; fileRef = D3534D071C932B7700A39478 /* Assets.xcassets */; };
		D3534D0B1C932B7700A39478 /* LaunchScreen.storyboard in Resources */ = {isa = PBXBuildFile; fileRef = D3534D091C932B7700A39478 /* LaunchScreen.storyboard */; };
		D3534D131C932B9A00A39478 /* UIFAButtonView.swift in Sources */ = {isa = PBXBuildFile; fileRef = D3534D121C932B9A00A39478 /* UIFAButtonView.swift */; };
/* End PBXBuildFile section */

/* Begin PBXFileReference section */
		D3534CFD1C932B7700A39478 /* CustomButtonView.app */ = {isa = PBXFileReference; explicitFileType = wrapper.application; includeInIndex = 0; path = CustomButtonView.app; sourceTree = BUILT_PRODUCTS_DIR; };
		D3534D001C932B7700A39478 /* AppDelegate.swift */ = {isa = PBXFileReference; lastKnownFileType = sourcecode.swift; path = AppDelegate.swift; sourceTree = "<group>"; };
		D3534D021C932B7700A39478 /* ViewController.swift */ = {isa = PBXFileReference; lastKnownFileType = sourcecode.swift; path = ViewController.swift; sourceTree = "<group>"; };
		D3534D051C932B7700A39478 /* Base */ = {isa = PBXFileReference; lastKnownFileType = file.storyboard; name = Base; path = Base.lproj/Main.storyboard; sourceTree = "<group>"; };
		D3534D071C932B7700A39478 /* Assets.xcassets */ = {isa = PBXFileReference; lastKnownFileType = folder.assetcatalog; path = Assets.xcassets; sourceTree = "<group>"; };
		D3534D0A1C932B7700A39478 /* Base */ = {isa = PBXFileReference; lastKnownFileType = file.storyboard; name = Base; path = Base.lproj/LaunchScreen.storyboard; sourceTree = "<group>"; };
		D3534D0C1C932B7700A39478 /* Info.plist */ = {isa = PBXFileReference; lastKnownFileType = text.plist.xml; path = Info.plist; sourceTree = "<group>"; };
		D3534D121C932B9A00A39478 /* UIFAButtonView.swift */ = {isa = PBXFileReference; fileEncoding = 4; lastKnownFileType = sourcecode.swift; path = UIFAButtonView.swift; sourceTree = "<group>"; };
/* End PBXFileReference section */

/* Begin PBXFrameworksBuildPhase section */
		D3534CFA1C932B7600A39478 /* Frameworks */ = {
			isa = PBXFrameworksBuildPhase;
			buildActionMask = 2147483647;
			files = (
			);
			runOnlyForDeploymentPostprocessing = 0;
		};
/* End PBXFrameworksBuildPhase section */

/* Begin PBXGroup section */
		D3534CF41C932B7600A39478 = {
			isa = PBXGroup;
			children = (
				D3534CFF1C932B7700A39478 /* CustomButtonView */,
				D3534CFE1C932B7700A39478 /* Products */,
			);
			sourceTree = "<group>";
		};
		D3534CFE1C932B7700A39478 /* Products */ = {
			isa = PBXGroup;
			children = (
				D3534CFD1C932B7700A39478 /* CustomButtonView.app */,
			);
			name = Products;
			sourceTree = "<group>";
		};
		D3534CFF1C932B7700A39478 /* CustomButtonView */ = {
			isa = PBXGroup;
			children = (
				D3534D001C932B7700A39478 /* AppDelegate.swift */,
				D3534D021C932B7700A39478 /* ViewController.swift */,
				D3534D041C932B7700A39478 /* Main.storyboard */,
				D3534D071C932B7700A39478 /* Assets.xcassets */,
				D3534D091C932B7700A39478 /* LaunchScreen.storyboard */,
				D3534D0C1C932B7700A39478 /* Info.plist */,
				D3534D121C932B9A00A39478 /* UIFAButtonView.swift */,
			);
			path = CustomButtonView;
			sourceTree = "<group>";
		};
/* End PBXGroup section */

/* Begin PBXNativeTarget section */
		D3534CFC1C932B7600A39478 /* CustomButtonView */ = {
			isa = PBXNativeTarget;
			buildConfigurationList = D3534D0F1C932B7700A39478 /* Build configuration list for PBXNativeTarget "CustomButtonView" */;
			buildPhases = (
				D3534CF91C932B7600A39478 /* Sources */,
				D3534CFA1C932B7600A39478 /* Frameworks */,
				D3534CFB1C932B7600A39478 /* Resources */,
			);
			buildRules = (
			);
			dependencies = (
			);
			name = CustomButtonView;
			productName = CustomButtonView;
			productReference = D3534CFD1C932B7700A39478 /* CustomButtonView.app */;
			productType = "com.apple.product-type.application";
		};
/* End PBXNativeTarget section */

/* Begin PBXProject section */
		D3534CF51C932B7600A39478 /* Project object */ = {
			isa = PBXProject;
			attributes = {
				LastSwiftUpdateCheck = 0720;
				LastUpgradeCheck = 0720;
				ORGANIZATIONNAME = CezarMobile;
				TargetAttributes = {
					D3534CFC1C932B7600A39478 = {
						CreatedOnToolsVersion = 7.2.1;
					};
				};
			};
			buildConfigurationList = D3534CF81C932B7600A39478 /* Build configuration list for PBXProject "CustomButtonView" */;
			compatibilityVersion = "Xcode 3.2";
			developmentRegion = English;
			hasScannedForEncodings = 0;
			knownRegions = (
				en,
				Base,
			);
			mainGroup = D3534CF41C932B7600A39478;
			productRefGroup = D3534CFE1C932B7700A39478 /* Products */;
			projectDirPath = "";
			projectRoot = "";
			targets = (
				D3534CFC1C932B7600A39478 /* CustomButtonView */,
			);
		};
/* End PBXProject section */

/* Begin PBXResourcesBuildPhase section */
		D3534CFB1C932B7600A39478 /* Resources */ = {
			isa = PBXResourcesBuildPhase;
			buildActionMask = 2147483647;
			files = (
				D3534D0B1C932B7700A39478 /* LaunchScreen.storyboard in Resources */,
				D3534D081C932B7700A39478 /* Assets.xcassets in Resources */,
				D3534D061C932B7700A39478 /* Main.storyboard in Resources */,
			);
			runOnlyForDeploymentPostprocessing = 0;
		};
/* End PBXResourcesBuildPhase section */

/* Begin PBXSourcesBuildPhase section */
		D3534CF91C932B7600A39478 /* Sources */ = {
			isa = PBXSourcesBuildPhase;
			buildActionMask = 2147483647;
			files = (
				D3534D031C932B7700A39478 /* ViewController.swift in Sources */,
				D3534D131C932B9A00A39478 /* UIFAButtonView.swift in Sources */,
				D3534D011C932B7700A39478 /* AppDelegate.swift in Sources */,
			);
			runOnlyForDeploymentPostprocessing = 0;
		};
/* End PBXSourcesBuildPhase section */

/* Begin PBXVariantGroup section */
		D3534D041C932B7700A39478 /* Main.storyboard */ = {
			isa = PBXVariantGroup;
			children = (
				D3534D051C932B7700A39478 /* Base */,
			);
			name = Main.storyboard;
			sourceTree = "<group>";
		};
		D3534D091C932B7700A39478 /* LaunchScreen.storyboard */ = {
			isa = PBXVariantGroup;
			children = (
				D3534D0A1C932B7700A39478 /* Base */,
			);
			name = LaunchScreen.storyboard;
			sourceTree = "<group>";
		};
/* End PBXVariantGroup section */

/* Begin XCBuildConfiguration section */
		D3534D0D1C932B7700A39478 /* Debug */ = {
			isa = XCBuildConfiguration;
			buildSettings = {
				ALWAYS_SEARCH_USER_PATHS = NO;
				CLANG_CXX_LANGUAGE_STANDARD = "gnu++0x";
				CLANG_CXX_LIBRARY = "libc++";
				CLANG_ENABLE_MODULES = YES;
				CLANG_ENABLE_OBJC_ARC = YES;
				CLANG_WARN_BOOL_CONVERSION = YES;
				CLANG_WARN_CONSTANT_CONVERSION = YES;
				CLANG_WARN_DIRECT_OBJC_ISA_USAGE = YES_ERROR;
				CLANG_WARN_EMPTY_BODY = YES;
				CLANG_WARN_ENUM_CONVERSION = YES;
				CLANG_WARN_INT_CONVERSION = YES;
				CLANG_WARN_OBJC_ROOT_CLASS = YES_ERROR;
				CLANG_WARN_UNREACHABLE_CODE = YES;
				CLANG_WARN__DUPLICATE_METHOD_MATCH = YES;
				"CODE_SIGN_IDENTITY[sdk=iphoneos*]" = "iPhone Developer";
				COPY_PHASE_STRIP = NO;
				DEBUG_INFORMATION_FORMAT = dwarf;
				ENABLE_STRICT_OBJC_MSGSEND = YES;
				ENABLE_TESTABILITY = YES;
				GCC_C_LANGUAGE_STANDARD = gnu99;
				GCC_DYNAMIC_NO_PIC = NO;
				GCC_NO_COMMON_BLOCKS = YES;
				GCC_OPTIMIZATION_LEVEL = 0;
				GCC_PREPROCESSOR_DEFINITIONS = (
					"DEBUG=1",
					"$(inherited)",
				);
				GCC_WARN_64_TO_32_BIT_CONVERSION = YES;
				GCC_WARN_ABOUT_RETURN_TYPE = YES_ERROR;
				GCC_WARN_UNDECLARED_SELECTOR = YES;
				GCC_WARN_UNINITIALIZED_AUTOS = YES_AGGRESSIVE;
				GCC_WARN_UNUSED_FUNCTION = YES;
				GCC_WARN_UNUSED_VARIABLE = YES;
				IPHONEOS_DEPLOYMENT_TARGET = 9.2;
				MTL_ENABLE_DEBUG_INFO = YES;
				ONLY_ACTIVE_ARCH = YES;
				SDKROOT = iphoneos;
				SWIFT_OPTIMIZATION_LEVEL = "-Onone";
			};
			name = Debug;
		};
		D3534D0E1C932B7700A39478 /* Release */ = {
			isa = XCBuildConfiguration;
			buildSettings = {
				ALWAYS_SEARCH_USER_PATHS = NO;
				CLANG_CXX_LANGUAGE_STANDARD = "gnu++0x";
				CLANG_CXX_LIBRARY = "libc++";
				CLANG_ENABLE_MODULES = YES;
				CLANG_ENABLE_OBJC_ARC = YES;
				CLANG_WARN_BOOL_CONVERSION = YES;
				CLANG_WARN_CONSTANT_CONVERSION = YES;
				CLANG_WARN_DIRECT_OBJC_ISA_USAGE = YES_ERROR;
				CLANG_WARN_EMPTY_BODY = YES;
				CLANG_WARN_ENUM_CONVERSION = YES;
				CLANG_WARN_INT_CONVERSION = YES;
				CLANG_WARN_OBJC_ROOT_CLASS = YES_ERROR;
				CLANG_WARN_UNREACHABLE_CODE = YES;
				CLANG_WARN__DUPLICATE_METHOD_MATCH = YES;
				"CODE_SIGN_IDENTITY[sdk=iphoneos*]" = "iPhone Developer";
				COPY_PHASE_STRIP = NO;
				DEBUG_INFORMATION_FORMAT = "dwarf-with-dsym";
				ENABLE_NS_ASSERTIONS = NO;
				ENABLE_STRICT_OBJC_MSGSEND = YES;
				GCC_C_LANGUAGE_STANDARD = gnu99;
				GCC_NO_COMMON_BLOCKS = YES;
				GCC_WARN_64_TO_32_BIT_CONVERSION = YES;
				GCC_WARN_ABOUT_RETURN_TYPE = YES_ERROR;
				GCC_WARN_UNDECLARED_SELECTOR = YES;
				GCC_WARN_UNINITIALIZED_AUTOS = YES_AGGRESSIVE;
				GCC_WARN_UNUSED_FUNCTION = YES;
				GCC_WARN_UNUSED_VARIABLE = YES;
				IPHONEOS_DEPLOYMENT_TARGET = 9.2;
				MTL_ENABLE_DEBUG_INFO = NO;
				SDKROOT = iphoneos;
				VALIDATE_PRODUCT = YES;
			};
			name = Release;
		};
		D3534D101C932B7700A39478 /* Debug */ = {
			isa = XCBuildConfiguration;
			buildSettings = {
				ASSETCATALOG_COMPILER_APPICON_NAME = AppIcon;
				INFOPLIST_FILE = CustomButtonView/Info.plist;
				LD_RUNPATH_SEARCH_PATHS = "$(inherited) @executable_path/Frameworks";
				PRODUCT_BUNDLE_IDENTIFIER = com.cezar.CustomButtonView;
				PRODUCT_NAME = "$(TARGET_NAME)";
			};
			name = Debug;
		};
		D3534D111C932B7700A39478 /* Release */ = {
			isa = XCBuildConfiguration;
			buildSettings = {
				ASSETCATALOG_COMPILER_APPICON_NAME = AppIcon;
				INFOPLIST_FILE = CustomButtonView/Info.plist;
				LD_RUNPATH_SEARCH_PATHS = "$(inherited) @executable_path/Frameworks";
				PRODUCT_BUNDLE_IDENTIFIER = com.cezar.CustomButtonView;
				PRODUCT_NAME = "$(TARGET_NAME)";
			};
			name = Release;
		};
/* End XCBuildConfiguration section */

/* Begin XCConfigurationList section */
		D3534CF81C932B7600A39478 /* Build configuration list for PBXProject "CustomButtonView" */ = {
			isa = XCConfigurationList;
			buildConfigurations = (
				D3534D0D1C932B7700A39478 /* Debug */,
				D3534D0E1C932B7700A39478 /* Release */,
			);
			defaultConfigurationIsVisible = 0;
			defaultConfigurationName = Release;
		};
		D3534D0F1C932B7700A39478 /* Build configuration list for PBXNativeTarget "CustomButtonView" */ = {
			isa = XCConfigurationList;
			buildConfigurations = (
				D3534D101C932B7700A39478 /* Debug */,
				D3534D111C932B7700A39478 /* Release */,
			);
			defaultConfigurationIsVisible = 0;
		};
/* End XCConfigurationList section */
	};
	rootObject = D3534CF51C932B7600A39478 /* Project object */;
}
